{
  "nodes": {
    "flake-utils": {
      "locked": {
        "lastModified": 1623875721,
        "narHash": "sha256-A8BU7bjS5GirpAUv4QA+QnJ4CceLHkcXdRp4xITDB0s=",
        "owner": "numtide",
        "repo": "flake-utils",
        "rev": "f7e004a55b120c02ecb6219596820fcd32ca8772",
        "type": "github"
      },
      "original": {
        "owner": "numtide",
        "repo": "flake-utils",
        "type": "github"
      }
    },
    "nixpkgs": {
      "locked": {
        "lastModified": 1627051703,
        "narHash": "sha256-2XGfUjFj9c0jnZPsAtpvw9UCMb/2T+Y3bAuOlpdpwTo=",
        "owner": "NixOS",
        "repo": "nixpkgs",
        "rev": "2cca4f49ac2f00039a257494c5f767d43ec6591b",
        "type": "github"
      },
      "original": {
        "id": "nixpkgs",
        "type": "indirect"
      }
    },
    "poetry2nix-src": {
      "inputs": {
        "flake-utils": [
          "flake-utils"
        ],
        "nixpkgs": [
          "nixpkgs"
        ]
      },
      "locked": {
        "lastModified": 1626820901,
        "narHash": "sha256-GDlggZL4ecnAiJCMAyUy9lncWYAJjrS4I+8curjDXMk=",
        "owner": "nix-community",
        "repo": "poetry2nix",
        "rev": "4cd43299027516efa732a3868a6807892160b25a",
        "type": "github"
      },
      "original": {
        "owner": "nix-community",
        "repo": "poetry2nix",
        "type": "github"
      }
    },
    "root": {
      "inputs": {
        "flake-utils": "flake-utils",
        "nixpkgs": "nixpkgs",
        "poetry2nix-src": "poetry2nix-src"
      }
    }
  },
  "root": "root",
  "version": 7
}
