{
  "nodes": {
    "flake-utils": {
      "locked": {
        "lastModified": 1623875721,
        "narHash": "sha256-A8BU7bjS5GirpAUv4QA+QnJ4CceLHkcXdRp4xITDB0s=",
        "owner": "numtide",
        "repo": "flake-utils",
        "rev": "f7e004a55b120c02ecb6219596820fcd32ca8772",
        "type": "github"
      },
      "original": {
        "owner": "numtide",
        "repo": "flake-utils",
        "type": "github"
      }
    },
    "nixpkgs": {
      "locked": {
        "lastModified": 1627911325,
        "narHash": "sha256-fEwAuHQtfl0221eaxDFJk6L/NZBvbBnEQvNyqHvpjNw=",
        "owner": "NixOS",
        "repo": "nixpkgs",
        "rev": "f427121142d2a5f3305fc5dd96cf84e7ba896cd3",
        "type": "github"
      },
      "original": {
        "id": "nixpkgs",
        "type": "indirect"
      }
    },
    "poetry2nix-src": {
      "inputs": {
        "flake-utils": [
          "flake-utils"
        ],
        "nixpkgs": [
          "nixpkgs"
        ]
      },
      "locked": {
        "lastModified": 1627244655,
        "narHash": "sha256-DkUg30AN6OJSZtOnCRzAIpqMVqkqAo+cIYo4EzkPYng=",
        "owner": "nix-community",
        "repo": "poetry2nix",
        "rev": "136f166f3b90dc1e975b991ff52122450fe2aa1f",
        "type": "github"
      },
      "original": {
        "owner": "nix-community",
        "repo": "poetry2nix",
        "type": "github"
      }
    },
    "root": {
      "inputs": {
        "flake-utils": "flake-utils",
        "nixpkgs": "nixpkgs",
        "poetry2nix-src": "poetry2nix-src"
      }
    }
  },
  "root": "root",
  "version": 7
}
